Microsoft Visual Studio Solution File, Format Version 12.00
# Visual Studio Version 17
VisualStudioVersion = 17.9.34407.89
MinimumVisualStudioVersion = 10.0.40219.1
Project("{FAE04EC0-301F-11D3-BF4B-00C04F79EFBC}") = "ParkNavFinder.AppHost", "ParkNavFinder.AppHost\ParkNavFinder.AppHost.csproj", "{E9BA1474-CD3C-475B-97E9-DF3B72830EA4}"
EndProject
Project("{9A19103F-16F7-4668-BE54-9A1E7A4F7556}") = "ParkNavFinder.ServiceDefaults", "ParkNavFinder.ServiceDefaults\ParkNavFinder.ServiceDefaults.csproj", "{EF349C6D-F32A-4ED6-857B-790507EA4DAF}"
EndProject
Project("{FAE04EC0-301F-11D3-BF4B-00C04F79EFBC}") = "Auth.Shared", "Auth.Shared\Auth.Shared.csproj", "{BC2CB173-BD63-4BA8-9FDC-5D7ED58C687C}"
EndProject
Project("{FAE04EC0-301F-11D3-BF4B-00C04F79EFBC}") = "WebSocketManager", "WebSocketManager\WebSocketManager.csproj", "{CCFB37F4-1AD3-42C6-A02B-140FB72575E3}"
EndProject
Project("{FAE04EC0-301F-11D3-BF4B-00C04F79EFBC}") = "MapService", "MapService\MapService.csproj", "{B292CB40-4F98-43A1-8EF8-FC0062541080}"
EndProject
Project("{FAE04EC0-301F-11D3-BF4B-00C04F79EFBC}") = "Yarp.ApiGateway", "Yarp.ApiGateway\Yarp.ApiGateway.csproj", "{BEDA3248-20F9-4484-B1CC-3D1D532FEB85}"
EndProject
Project("{FAE04EC0-301F-11D3-BF4B-00C04F79EFBC}") = "Kafka.Events.Contracts", "Kafka.Events.Contracts\Kafka.Events.Contracts.csproj", "{94B5D199-A6B2-4DC7-9A02-4670381D4A1C}"
EndProject
Project("{FAE04EC0-301F-11D3-BF4B-00C04F79EFBC}") = "Kafka.Settings", "Kafka.Settings\Kafka.Settings.csproj", "{5867D3E8-2014-42AC-A4DC-97B39625DD93}"
EndProject
Project("{FAE04EC0-301F-11D3-BF4B-00C04F79EFBC}") = "User.WebSocketHandler", "User.WebSocketHandler\User.WebSocketHandler.csproj", "{D4863AAC-BD50-4D52-AD14-B02DD9C57580}"
EndProject
Project("{FAE04EC0-301F-11D3-BF4B-00C04F79EFBC}") = "User.LocationService", "User.LocationService\User.LocationService.csproj", "{7C3C45FF-2A09-43C5-8D01-D65D5779DB2D}"
EndProject
Project("{FAE04EC0-301F-11D3-BF4B-00C04F79EFBC}") = "Parking.ManagementService", "Parking.ManagementService\Parking.ManagementService.csproj", "{B5873FE5-968E-4DC0-9723-127EA94F825C}"
EndProject
Project("{FAE04EC0-301F-11D3-BF4B-00C04F79EFBC}") = "Parking.StateService", "Parking.StateService\Parking.StateService.csproj", "{1AFCE6D8-57C5-49C5-A6DE-5B2A6CE583A8}"
EndProject
Project("{FAE04EC0-301F-11D3-BF4B-00C04F79EFBC}") = "User.NotificationService", "User.NotificationService\User.NotificationService.csproj", "{207C4353-53E6-4387-ABE7-9111A67C641A}"
EndProject
Project("{2150E333-8FDC-42A3-9474-1A3956D46DE8}") = "Tests", "Tests", "{38E70773-857D-4A17-8B57-BEB06DB75CBC}"
EndProject
Project("{FAE04EC0-301F-11D3-BF4B-00C04F79EFBC}") = "MapService.Tests", "Tests\MapService.Tests\MapService.Tests.csproj", "{DCA77FB6-2FFE-415F-A941-AA5C8B889040}"
EndProject
Project("{FAE04EC0-301F-11D3-BF4B-00C04F79EFBC}") = "WebSocketManager.Tests", "Tests\WebSocketManager.Tests\WebSocketManager.Tests.csproj", "{4F4E348E-6D8A-40DE-B829-8C06E15A035A}"
EndProject
Project("{FAE04EC0-301F-11D3-BF4B-00C04F79EFBC}") = "User.WebSocketHandler.Tests", "Tests\User.WebSocketHandler.Tests\User.WebSocketHandler.Tests.csproj", "{35A92ADB-8D02-4DB3-9C65-CEF14D4BB7A8}"
EndProject
Global
	GlobalSection(SolutionConfigurationPlatforms) = preSolution
		Debug|Any CPU = Debug|Any CPU
		Release|Any CPU = Release|Any CPU
	EndGlobalSection
	GlobalSection(ProjectConfigurationPlatforms) = postSolution
		{E9BA1474-CD3C-475B-97E9-DF3B72830EA4}.Debug|Any CPU.ActiveCfg = Debug|Any CPU
		{E9BA1474-CD3C-475B-97E9-DF3B72830EA4}.Debug|Any CPU.Build.0 = Debug|Any CPU
		{E9BA1474-CD3C-475B-97E9-DF3B72830EA4}.Release|Any CPU.ActiveCfg = Release|Any CPU
		{E9BA1474-CD3C-475B-97E9-DF3B72830EA4}.Release|Any CPU.Build.0 = Release|Any CPU
		{EF349C6D-F32A-4ED6-857B-790507EA4DAF}.Debug|Any CPU.ActiveCfg = Debug|Any CPU
		{EF349C6D-F32A-4ED6-857B-790507EA4DAF}.Debug|Any CPU.Build.0 = Debug|Any CPU
		{EF349C6D-F32A-4ED6-857B-790507EA4DAF}.Release|Any CPU.ActiveCfg = Release|Any CPU
		{EF349C6D-F32A-4ED6-857B-790507EA4DAF}.Release|Any CPU.Build.0 = Release|Any CPU
		{BC2CB173-BD63-4BA8-9FDC-5D7ED58C687C}.Debug|Any CPU.ActiveCfg = Debug|Any CPU
		{BC2CB173-BD63-4BA8-9FDC-5D7ED58C687C}.Debug|Any CPU.Build.0 = Debug|Any CPU
		{BC2CB173-BD63-4BA8-9FDC-5D7ED58C687C}.Release|Any CPU.ActiveCfg = Release|Any CPU
		{BC2CB173-BD63-4BA8-9FDC-5D7ED58C687C}.Release|Any CPU.Build.0 = Release|Any CPU
		{CCFB37F4-1AD3-42C6-A02B-140FB72575E3}.Debug|Any CPU.ActiveCfg = Debug|Any CPU
		{CCFB37F4-1AD3-42C6-A02B-140FB72575E3}.Debug|Any CPU.Build.0 = Debug|Any CPU
		{CCFB37F4-1AD3-42C6-A02B-140FB72575E3}.Release|Any CPU.ActiveCfg = Release|Any CPU
		{CCFB37F4-1AD3-42C6-A02B-140FB72575E3}.Release|Any CPU.Build.0 = Release|Any CPU
		{B292CB40-4F98-43A1-8EF8-FC0062541080}.Debug|Any CPU.ActiveCfg = Debug|Any CPU
		{B292CB40-4F98-43A1-8EF8-FC0062541080}.Debug|Any CPU.Build.0 = Debug|Any CPU
		{B292CB40-4F98-43A1-8EF8-FC0062541080}.Release|Any CPU.ActiveCfg = Release|Any CPU
		{B292CB40-4F98-43A1-8EF8-FC0062541080}.Release|Any CPU.Build.0 = Release|Any CPU
		{BEDA3248-20F9-4484-B1CC-3D1D532FEB85}.Debug|Any CPU.ActiveCfg = Debug|Any CPU
		{BEDA3248-20F9-4484-B1CC-3D1D532FEB85}.Debug|Any CPU.Build.0 = Debug|Any CPU
		{BEDA3248-20F9-4484-B1CC-3D1D532FEB85}.Release|Any CPU.ActiveCfg = Release|Any CPU
		{BEDA3248-20F9-4484-B1CC-3D1D532FEB85}.Release|Any CPU.Build.0 = Release|Any CPU
		{94B5D199-A6B2-4DC7-9A02-4670381D4A1C}.Debug|Any CPU.ActiveCfg = Debug|Any CPU
		{94B5D199-A6B2-4DC7-9A02-4670381D4A1C}.Debug|Any CPU.Build.0 = Debug|Any CPU
		{94B5D199-A6B2-4DC7-9A02-4670381D4A1C}.Release|Any CPU.ActiveCfg = Release|Any CPU
		{94B5D199-A6B2-4DC7-9A02-4670381D4A1C}.Release|Any CPU.Build.0 = Release|Any CPU
		{5867D3E8-2014-42AC-A4DC-97B39625DD93}.Debug|Any CPU.ActiveCfg = Debug|Any CPU
		{5867D3E8-2014-42AC-A4DC-97B39625DD93}.Debug|Any CPU.Build.0 = Debug|Any CPU
		{5867D3E8-2014-42AC-A4DC-97B39625DD93}.Release|Any CPU.ActiveCfg = Release|Any CPU
		{5867D3E8-2014-42AC-A4DC-97B39625DD93}.Release|Any CPU.Build.0 = Release|Any CPU
		{D4863AAC-BD50-4D52-AD14-B02DD9C57580}.Debug|Any CPU.ActiveCfg = Debug|Any CPU
		{D4863AAC-BD50-4D52-AD14-B02DD9C57580}.Debug|Any CPU.Build.0 = Debug|Any CPU
		{D4863AAC-BD50-4D52-AD14-B02DD9C57580}.Release|Any CPU.ActiveCfg = Release|Any CPU
		{D4863AAC-BD50-4D52-AD14-B02DD9C57580}.Release|Any CPU.Build.0 = Release|Any CPU
		{7C3C45FF-2A09-43C5-8D01-D65D5779DB2D}.Debug|Any CPU.ActiveCfg = Debug|Any CPU
		{7C3C45FF-2A09-43C5-8D01-D65D5779DB2D}.Debug|Any CPU.Build.0 = Debug|Any CPU
		{7C3C45FF-2A09-43C5-8D01-D65D5779DB2D}.Release|Any CPU.ActiveCfg = Release|Any CPU
		{7C3C45FF-2A09-43C5-8D01-D65D5779DB2D}.Release|Any CPU.Build.0 = Release|Any CPU
		{B5873FE5-968E-4DC0-9723-127EA94F825C}.Debug|Any CPU.ActiveCfg = Debug|Any CPU
		{B5873FE5-968E-4DC0-9723-127EA94F825C}.Debug|Any CPU.Build.0 = Debug|Any CPU
		{B5873FE5-968E-4DC0-9723-127EA94F825C}.Release|Any CPU.ActiveCfg = Release|Any CPU
		{B5873FE5-968E-4DC0-9723-127EA94F825C}.Release|Any CPU.Build.0 = Release|Any CPU
		{1AFCE6D8-57C5-49C5-A6DE-5B2A6CE583A8}.Debug|Any CPU.ActiveCfg = Debug|Any CPU
		{1AFCE6D8-57C5-49C5-A6DE-5B2A6CE583A8}.Debug|Any CPU.Build.0 = Debug|Any CPU
		{1AFCE6D8-57C5-49C5-A6DE-5B2A6CE583A8}.Release|Any CPU.ActiveCfg = Release|Any CPU
		{1AFCE6D8-57C5-49C5-A6DE-5B2A6CE583A8}.Release|Any CPU.Build.0 = Release|Any CPU
		{207C4353-53E6-4387-ABE7-9111A67C641A}.Debug|Any CPU.ActiveCfg = Debug|Any CPU
		{207C4353-53E6-4387-ABE7-9111A67C641A}.Debug|Any CPU.Build.0 = Debug|Any CPU
		{207C4353-53E6-4387-ABE7-9111A67C641A}.Release|Any CPU.ActiveCfg = Release|Any CPU
		{207C4353-53E6-4387-ABE7-9111A67C641A}.Release|Any CPU.Build.0 = Release|Any CPU
		{DCA77FB6-2FFE-415F-A941-AA5C8B889040}.Debug|Any CPU.ActiveCfg = Debug|Any CPU
		{DCA77FB6-2FFE-415F-A941-AA5C8B889040}.Debug|Any CPU.Build.0 = Debug|Any CPU
		{DCA77FB6-2FFE-415F-A941-AA5C8B889040}.Release|Any CPU.ActiveCfg = Release|Any CPU
		{DCA77FB6-2FFE-415F-A941-AA5C8B889040}.Release|Any CPU.Build.0 = Release|Any CPU
		{4F4E348E-6D8A-40DE-B829-8C06E15A035A}.Debug|Any CPU.ActiveCfg = Debug|Any CPU
		{4F4E348E-6D8A-40DE-B829-8C06E15A035A}.Debug|Any CPU.Build.0 = Debug|Any CPU
		{4F4E348E-6D8A-40DE-B829-8C06E15A035A}.Release|Any CPU.ActiveCfg = Release|Any CPU
		{4F4E348E-6D8A-40DE-B829-8C06E15A035A}.Release|Any CPU.Build.0 = Release|Any CPU
		{35A92ADB-8D02-4DB3-9C65-CEF14D4BB7A8}.Debug|Any CPU.ActiveCfg = Debug|Any CPU
		{35A92ADB-8D02-4DB3-9C65-CEF14D4BB7A8}.Debug|Any CPU.Build.0 = Debug|Any CPU
		{35A92ADB-8D02-4DB3-9C65-CEF14D4BB7A8}.Release|Any CPU.ActiveCfg = Release|Any CPU
		{35A92ADB-8D02-4DB3-9C65-CEF14D4BB7A8}.Release|Any CPU.Build.0 = Release|Any CPU
	EndGlobalSection
	GlobalSection(SolutionProperties) = preSolution
		HideSolutionNode = FALSE
	EndGlobalSection
	GlobalSection(ExtensibilityGlobals) = postSolution
		SolutionGuid = {F226D895-A43D-48DB-8EE5-498AD8F49C76}
	EndGlobalSection
	GlobalSection(NestedProjects) = preSolution
		{DCA77FB6-2FFE-415F-A941-AA5C8B889040} = {38E70773-857D-4A17-8B57-BEB06DB75CBC}
		{4F4E348E-6D8A-40DE-B829-8C06E15A035A} = {38E70773-857D-4A17-8B57-BEB06DB75CBC}
		{35A92ADB-8D02-4DB3-9C65-CEF14D4BB7A8} = {38E70773-857D-4A17-8B57-BEB06DB75CBC}
	EndGlobalSection
EndGlobal
